
Microsoft Visual Studio Solution File, Format Version 12.00
# Visual Studio Version 17
VisualStudioVersion = 17.3.32825.248
MinimumVisualStudioVersion = 10.0.40219.1
Project("{FAE04EC0-301F-11D3-BF4B-00C04F79EFBC}") = "IV_PHAN1_CAU3", "IV_PHAN1_CAU3.csproj", "{21F82873-DBAC-45E9-8D79-37311993D5FA}"
EndProject
Project("{FAE04EC0-301F-11D3-BF4B-00C04F79EFBC}") = "IV_PHAN2_CAU2", "..\IV_PHAN2_CAU2\IV_PHAN2_CAU2.csproj", "{975F1D31-F51E-417C-8253-6C9A22089222}"
EndProject
Project("{FAE04EC0-301F-11D3-BF4B-00C04F79EFBC}") = "IV_PHAN2_CAU1", "..\IV_PHAN2_CAU1\IV_PHAN2_CAU1.csproj", "{1190763C-93E0-4262-A4FD-A2504BD2398E}"
EndProject
Project("{FAE04EC0-301F-11D3-BF4B-00C04F79EFBC}") = "IV_PHAN2_CAU3", "..\IV_PHAN2_CAU3\IV_PHAN2_CAU3.csproj", "{670B63FA-C4BC-467B-A20F-7B82F55A2305}"
EndProject
Project("{FAE04EC0-301F-11D3-BF4B-00C04F79EFBC}") = "IV_PHAN2_CAU4", "..\IV_PHAN2_CAU4\IV_PHAN2_CAU4.csproj", "{7B92851D-65A8-4848-A46C-FA0036C78907}"
EndProject
Project("{FAE04EC0-301F-11D3-BF4B-00C04F79EFBC}") = "V_CAU1", "..\V_CAU1\V_CAU1.csproj", "{2D405E19-0DBD-4BAA-8A88-BD99AB95380A}"
EndProject
Project("{FAE04EC0-301F-11D3-BF4B-00C04F79EFBC}") = "V_CAU2", "..\V_CAU2\V_CAU2.csproj", "{23DA0951-E376-4E62-8731-7DE67E3FE4EE}"
EndProject
Project("{FAE04EC0-301F-11D3-BF4B-00C04F79EFBC}") = "V_CAU3", "..\V_CAU3\V_CAU3.csproj", "{5DC0E721-63A2-4F67-A907-38CA6C77FE42}"
EndProject
Global
	GlobalSection(SolutionConfigurationPlatforms) = preSolution
		Debug|Any CPU = Debug|Any CPU
		Release|Any CPU = Release|Any CPU
	EndGlobalSection
	GlobalSection(ProjectConfigurationPlatforms) = postSolution
		{21F82873-DBAC-45E9-8D79-37311993D5FA}.Debug|Any CPU.ActiveCfg = Debug|Any CPU
		{21F82873-DBAC-45E9-8D79-37311993D5FA}.Debug|Any CPU.Build.0 = Debug|Any CPU
		{21F82873-DBAC-45E9-8D79-37311993D5FA}.Release|Any CPU.ActiveCfg = Release|Any CPU
		{21F82873-DBAC-45E9-8D79-37311993D5FA}.Release|Any CPU.Build.0 = Release|Any CPU
		{975F1D31-F51E-417C-8253-6C9A22089222}.Debug|Any CPU.ActiveCfg = Debug|Any CPU
		{975F1D31-F51E-417C-8253-6C9A22089222}.Debug|Any CPU.Build.0 = Debug|Any CPU
		{975F1D31-F51E-417C-8253-6C9A22089222}.Release|Any CPU.ActiveCfg = Release|Any CPU
		{975F1D31-F51E-417C-8253-6C9A22089222}.Release|Any CPU.Build.0 = Release|Any CPU
		{1190763C-93E0-4262-A4FD-A2504BD2398E}.Debug|Any CPU.ActiveCfg = Debug|Any CPU
		{1190763C-93E0-4262-A4FD-A2504BD2398E}.Debug|Any CPU.Build.0 = Debug|Any CPU
		{1190763C-93E0-4262-A4FD-A2504BD2398E}.Release|Any CPU.ActiveCfg = Release|Any CPU
		{1190763C-93E0-4262-A4FD-A2504BD2398E}.Release|Any CPU.Build.0 = Release|Any CPU
		{670B63FA-C4BC-467B-A20F-7B82F55A2305}.Debug|Any CPU.ActiveCfg = Debug|Any CPU
		{670B63FA-C4BC-467B-A20F-7B82F55A2305}.Debug|Any CPU.Build.0 = Debug|Any CPU
		{670B63FA-C4BC-467B-A20F-7B82F55A2305}.Release|Any CPU.ActiveCfg = Release|Any CPU
		{670B63FA-C4BC-467B-A20F-7B82F55A2305}.Release|Any CPU.Build.0 = Release|Any CPU
		{7B92851D-65A8-4848-A46C-FA0036C78907}.Debug|Any CPU.ActiveCfg = Debug|Any CPU
		{7B92851D-65A8-4848-A46C-FA0036C78907}.Debug|Any CPU.Build.0 = Debug|Any CPU
		{7B92851D-65A8-4848-A46C-FA0036C78907}.Release|Any CPU.ActiveCfg = Release|Any CPU
		{7B92851D-65A8-4848-A46C-FA0036C78907}.Release|Any CPU.Build.0 = Release|Any CPU
		{2D405E19-0DBD-4BAA-8A88-BD99AB95380A}.Debug|Any CPU.ActiveCfg = Debug|Any CPU
		{2D405E19-0DBD-4BAA-8A88-BD99AB95380A}.Debug|Any CPU.Build.0 = Debug|Any CPU
		{2D405E19-0DBD-4BAA-8A88-BD99AB95380A}.Release|Any CPU.ActiveCfg = Release|Any CPU
		{2D405E19-0DBD-4BAA-8A88-BD99AB95380A}.Release|Any CPU.Build.0 = Release|Any CPU
		{23DA0951-E376-4E62-8731-7DE67E3FE4EE}.Debug|Any CPU.ActiveCfg = Debug|Any CPU
		{23DA0951-E376-4E62-8731-7DE67E3FE4EE}.Debug|Any CPU.Build.0 = Debug|Any CPU
		{23DA0951-E376-4E62-8731-7DE67E3FE4EE}.Release|Any CPU.ActiveCfg = Release|Any CPU
		{23DA0951-E376-4E62-8731-7DE67E3FE4EE}.Release|Any CPU.Build.0 = Release|Any CPU
		{5DC0E721-63A2-4F67-A907-38CA6C77FE42}.Debug|Any CPU.ActiveCfg = Debug|Any CPU
		{5DC0E721-63A2-4F67-A907-38CA6C77FE42}.Debug|Any CPU.Build.0 = Debug|Any CPU
		{5DC0E721-63A2-4F67-A907-38CA6C77FE42}.Release|Any CPU.ActiveCfg = Release|Any CPU
		{5DC0E721-63A2-4F67-A907-38CA6C77FE42}.Release|Any CPU.Build.0 = Release|Any CPU
	EndGlobalSection
	GlobalSection(SolutionProperties) = preSolution
		HideSolutionNode = FALSE
	EndGlobalSection
	GlobalSection(ExtensibilityGlobals) = postSolution
		SolutionGuid = {2D5BD195-8956-45D4-9F7F-B5C71D500724}
	EndGlobalSection
EndGlobal
